
Microsoft Visual Studio Solution File, Format Version 12.00
# Visual Studio Version 17
VisualStudioVersion = 17.8.34525.116
MinimumVisualStudioVersion = 10.0.40219.1
Project("{FAE04EC0-301F-11D3-BF4B-00C04F79EFBC}") = "Practice2", "Practice2\Practice2.csproj", "{701A4E1B-70D4-4437-8AF6-B1B9B6F9DC3C}"
EndProject
Global
	GlobalSection(SolutionConfigurationPlatforms) = preSolution
		Debug|Any CPU = Debug|Any CPU
		Release|Any CPU = Release|Any CPU
	EndGlobalSection
	GlobalSection(ProjectConfigurationPlatforms) = postSolution
		{701A4E1B-70D4-4437-8AF6-B1B9B6F9DC3C}.Debug|Any CPU.ActiveCfg = Debug|Any CPU
		{701A4E1B-70D4-4437-8AF6-B1B9B6F9DC3C}.Debug|Any CPU.Build.0 = Debug|Any CPU
		{701A4E1B-70D4-4437-8AF6-B1B9B6F9DC3C}.Release|Any CPU.ActiveCfg = Release|Any CPU
		{701A4E1B-70D4-4437-8AF6-B1B9B6F9DC3C}.Release|Any CPU.Build.0 = Release|Any CPU
	EndGlobalSection
	GlobalSection(SolutionProperties) = preSolution
		HideSolutionNode = FALSE
	EndGlobalSection
	GlobalSection(ExtensibilityGlobals) = postSolution
		SolutionGuid = {B91C2773-1DAA-4D89-94A4-ADFA0E29C48C}
	EndGlobalSection
EndGlobal
